
Microsoft Visual Studio Solution File, Format Version 12.00
# Visual Studio 15
VisualStudioVersion = 15.0.28307.168
MinimumVisualStudioVersion = 10.0.40219.1
Project("{F184B08F-C81C-45F6-A57F-5ABD9991F28F}") = "SendGridNotifier", "SendGridNotifier\SendGridNotifier.vbproj", "{757DF64E-B538-4D69-B493-F4AD51DB33F3}"
EndProject
Global
	GlobalSection(SolutionConfigurationPlatforms) = preSolution
		Debug|Any CPU = Debug|Any CPU
		Release|Any CPU = Release|Any CPU
	EndGlobalSection
	GlobalSection(ProjectConfigurationPlatforms) = postSolution
		{757DF64E-B538-4D69-B493-F4AD51DB33F3}.Debug|Any CPU.ActiveCfg = Debug|Any CPU
		{757DF64E-B538-4D69-B493-F4AD51DB33F3}.Debug|Any CPU.Build.0 = Debug|Any CPU
		{757DF64E-B538-4D69-B493-F4AD51DB33F3}.Release|Any CPU.ActiveCfg = Release|Any CPU
		{757DF64E-B538-4D69-B493-F4AD51DB33F3}.Release|Any CPU.Build.0 = Release|Any CPU
	EndGlobalSection
	GlobalSection(SolutionProperties) = preSolution
		HideSolutionNode = FALSE
	EndGlobalSection
	GlobalSection(ExtensibilityGlobals) = postSolution
		SolutionGuid = {B89597FD-2777-4BC7-A6A4-707F29F95FE6}
	EndGlobalSection
EndGlobal
